
Microsoft Visual Studio Solution File, Format Version 12.00
# Visual Studio Version 17
VisualStudioVersion = 17.8.34525.116
MinimumVisualStudioVersion = 10.0.40219.1
Project("{FAE04EC0-301F-11D3-BF4B-00C04F79EFBC}") = "Course.Application", "Course.Application\Course.Application.csproj", "{1CC98BCE-34B7-4A7C-BD9A-A6CAFCA901B8}"
EndProject
Project("{FAE04EC0-301F-11D3-BF4B-00C04F79EFBC}") = "Domain", "Domain\Domain.csproj", "{3E1D89D1-234A-438B-8752-3DBA51016A75}"
EndProject
Project("{FAE04EC0-301F-11D3-BF4B-00C04F79EFBC}") = "Repository", "Repository\Repository.csproj", "{0703E9D5-4C76-436A-A51A-0CAE7808CC48}"
EndProject
Project("{FAE04EC0-301F-11D3-BF4B-00C04F79EFBC}") = "Service", "Service\Service.csproj", "{9CAF18CF-06AF-43F4-92C6-A5824564D778}"
EndProject
Global
	GlobalSection(SolutionConfigurationPlatforms) = preSolution
		Debug|Any CPU = Debug|Any CPU
		Release|Any CPU = Release|Any CPU
	EndGlobalSection
	GlobalSection(ProjectConfigurationPlatforms) = postSolution
		{1CC98BCE-34B7-4A7C-BD9A-A6CAFCA901B8}.Debug|Any CPU.ActiveCfg = Debug|Any CPU
		{1CC98BCE-34B7-4A7C-BD9A-A6CAFCA901B8}.Debug|Any CPU.Build.0 = Debug|Any CPU
		{1CC98BCE-34B7-4A7C-BD9A-A6CAFCA901B8}.Release|Any CPU.ActiveCfg = Release|Any CPU
		{1CC98BCE-34B7-4A7C-BD9A-A6CAFCA901B8}.Release|Any CPU.Build.0 = Release|Any CPU
		{3E1D89D1-234A-438B-8752-3DBA51016A75}.Debug|Any CPU.ActiveCfg = Debug|Any CPU
		{3E1D89D1-234A-438B-8752-3DBA51016A75}.Debug|Any CPU.Build.0 = Debug|Any CPU
		{3E1D89D1-234A-438B-8752-3DBA51016A75}.Release|Any CPU.ActiveCfg = Release|Any CPU
		{3E1D89D1-234A-438B-8752-3DBA51016A75}.Release|Any CPU.Build.0 = Release|Any CPU
		{0703E9D5-4C76-436A-A51A-0CAE7808CC48}.Debug|Any CPU.ActiveCfg = Debug|Any CPU
		{0703E9D5-4C76-436A-A51A-0CAE7808CC48}.Debug|Any CPU.Build.0 = Debug|Any CPU
		{0703E9D5-4C76-436A-A51A-0CAE7808CC48}.Release|Any CPU.ActiveCfg = Release|Any CPU
		{0703E9D5-4C76-436A-A51A-0CAE7808CC48}.Release|Any CPU.Build.0 = Release|Any CPU
		{9CAF18CF-06AF-43F4-92C6-A5824564D778}.Debug|Any CPU.ActiveCfg = Debug|Any CPU
		{9CAF18CF-06AF-43F4-92C6-A5824564D778}.Debug|Any CPU.Build.0 = Debug|Any CPU
		{9CAF18CF-06AF-43F4-92C6-A5824564D778}.Release|Any CPU.ActiveCfg = Release|Any CPU
		{9CAF18CF-06AF-43F4-92C6-A5824564D778}.Release|Any CPU.Build.0 = Release|Any CPU
	EndGlobalSection
	GlobalSection(SolutionProperties) = preSolution
		HideSolutionNode = FALSE
	EndGlobalSection
	GlobalSection(ExtensibilityGlobals) = postSolution
		SolutionGuid = {9B8965A5-8ADF-44AB-9FB1-04FE132D4166}
	EndGlobalSection
EndGlobal
